
Microsoft Visual Studio Solution File, Format Version 12.00
# Visual Studio Version 17
VisualStudioVersion = 17.7.34018.315
MinimumVisualStudioVersion = 10.0.40219.1
Project("{54A90642-561A-4BB1-A94E-469ADEE60C69}") = "WorldCities", "WorldCities\WorldCities.esproj", "{05DB02E1-CD13-4CB4-94A4-8AA0E4EA25E7}"
EndProject
Project("{9A19103F-16F7-4668-BE54-9A1E7A4F7556}") = "WorldCitiesAPI", "WorldCitiesAPI\WorldCitiesAPI.csproj", "{F8E3F8DB-3DAC-47AD-8676-DE59F75D036A}"
EndProject
Project("{9A19103F-16F7-4668-BE54-9A1E7A4F7556}") = "WorldCitiesAPI.Tests", "WorldCitiesAPI.Tests\WorldCitiesAPI.Tests.csproj", "{A062AF46-EB5D-46BE-ABF4-1E308B0CB3C4}"
EndProject
Global
	GlobalSection(SolutionConfigurationPlatforms) = preSolution
		Debug|Any CPU = Debug|Any CPU
		Release|Any CPU = Release|Any CPU
	EndGlobalSection
	GlobalSection(ProjectConfigurationPlatforms) = postSolution
		{05DB02E1-CD13-4CB4-94A4-8AA0E4EA25E7}.Debug|Any CPU.ActiveCfg = Debug|Any CPU
		{05DB02E1-CD13-4CB4-94A4-8AA0E4EA25E7}.Debug|Any CPU.Build.0 = Debug|Any CPU
		{05DB02E1-CD13-4CB4-94A4-8AA0E4EA25E7}.Debug|Any CPU.Deploy.0 = Debug|Any CPU
		{05DB02E1-CD13-4CB4-94A4-8AA0E4EA25E7}.Release|Any CPU.ActiveCfg = Release|Any CPU
		{05DB02E1-CD13-4CB4-94A4-8AA0E4EA25E7}.Release|Any CPU.Build.0 = Release|Any CPU
		{05DB02E1-CD13-4CB4-94A4-8AA0E4EA25E7}.Release|Any CPU.Deploy.0 = Release|Any CPU
		{F8E3F8DB-3DAC-47AD-8676-DE59F75D036A}.Debug|Any CPU.ActiveCfg = Debug|Any CPU
		{F8E3F8DB-3DAC-47AD-8676-DE59F75D036A}.Debug|Any CPU.Build.0 = Debug|Any CPU
		{F8E3F8DB-3DAC-47AD-8676-DE59F75D036A}.Release|Any CPU.ActiveCfg = Release|Any CPU
		{F8E3F8DB-3DAC-47AD-8676-DE59F75D036A}.Release|Any CPU.Build.0 = Release|Any CPU
		{A062AF46-EB5D-46BE-ABF4-1E308B0CB3C4}.Debug|Any CPU.ActiveCfg = Debug|Any CPU
		{A062AF46-EB5D-46BE-ABF4-1E308B0CB3C4}.Debug|Any CPU.Build.0 = Debug|Any CPU
		{A062AF46-EB5D-46BE-ABF4-1E308B0CB3C4}.Release|Any CPU.ActiveCfg = Release|Any CPU
		{A062AF46-EB5D-46BE-ABF4-1E308B0CB3C4}.Release|Any CPU.Build.0 = Release|Any CPU
	EndGlobalSection
	GlobalSection(SolutionProperties) = preSolution
		HideSolutionNode = FALSE
	EndGlobalSection
	GlobalSection(ExtensibilityGlobals) = postSolution
		SolutionGuid = {7032315C-149A-430C-B40D-EB2DF9CFBA94}
	EndGlobalSection
EndGlobal
